Microsoft Visual Studio Solution File, Format Version 12.00
# Visual Studio Version 17
VisualStudioVersion = 17.5.2.0
MinimumVisualStudioVersion = 10.0.40219.1
Project("{FAE04EC0-301F-11D3-BF4B-00C04F79EFBC}") = "archivos", "archivos.csproj", "{9748B391-93B2-A7EE-E347-27FE70A8FCEB}"
EndProject
Global
	GlobalSection(SolutionConfigurationPlatforms) = preSolution
		Debug|Any CPU = Debug|Any CPU
		Release|Any CPU = Release|Any CPU
	EndGlobalSection
	GlobalSection(ProjectConfigurationPlatforms) = postSolution
		{9748B391-93B2-A7EE-E347-27FE70A8FCEB}.Debug|Any CPU.ActiveCfg = Debug|Any CPU
		{9748B391-93B2-A7EE-E347-27FE70A8FCEB}.Debug|Any CPU.Build.0 = Debug|Any CPU
		{9748B391-93B2-A7EE-E347-27FE70A8FCEB}.Release|Any CPU.ActiveCfg = Release|Any CPU
		{9748B391-93B2-A7EE-E347-27FE70A8FCEB}.Release|Any CPU.Build.0 = Release|Any CPU
	EndGlobalSection
	GlobalSection(SolutionProperties) = preSolution
		HideSolutionNode = FALSE
	EndGlobalSection
	GlobalSection(ExtensibilityGlobals) = postSolution
		SolutionGuid = {D3E103AB-226B-42E9-91E7-169DCA16E267}
	EndGlobalSection
EndGlobal
