
Microsoft Visual Studio Solution File, Format Version 12.00
# Visual Studio Version 17
VisualStudioVersion = 17.14.36327.8 d17.14
MinimumVisualStudioVersion = 10.0.40219.1
Project("{FAE04EC0-301F-11D3-BF4B-00C04F79EFBC}") = "OperacionesMatematicas", "OperacionesMatematicas\OperacionesMatematicas.csproj", "{CC66F32B-B52B-4A4C-809E-6145B88B1FAF}"
EndProject
Project("{FAE04EC0-301F-11D3-BF4B-00C04F79EFBC}") = "OperacionesMatematicas.WinForms", "OperacionesMatematicas.WinForms\OperacionesMatematicas.WinForms.csproj", "{0B21A875-AA28-406A-9F23-B58F3D75CAB9}"
EndProject
Project("{FAE04EC0-301F-11D3-BF4B-00C04F79EFBC}") = "Mensajes", "Mensajes\Mensajes.csproj", "{83416546-B411-4ACE-B1FD-9E36071B1712}"
EndProject
Global
	GlobalSection(SolutionConfigurationPlatforms) = preSolution
		Debug|Any CPU = Debug|Any CPU
		Release|Any CPU = Release|Any CPU
	EndGlobalSection
	GlobalSection(ProjectConfigurationPlatforms) = postSolution
		{CC66F32B-B52B-4A4C-809E-6145B88B1FAF}.Debug|Any CPU.ActiveCfg = Debug|Any CPU
		{CC66F32B-B52B-4A4C-809E-6145B88B1FAF}.Debug|Any CPU.Build.0 = Debug|Any CPU
		{CC66F32B-B52B-4A4C-809E-6145B88B1FAF}.Release|Any CPU.ActiveCfg = Release|Any CPU
		{CC66F32B-B52B-4A4C-809E-6145B88B1FAF}.Release|Any CPU.Build.0 = Release|Any CPU
		{0B21A875-AA28-406A-9F23-B58F3D75CAB9}.Debug|Any CPU.ActiveCfg = Debug|Any CPU
		{0B21A875-AA28-406A-9F23-B58F3D75CAB9}.Debug|Any CPU.Build.0 = Debug|Any CPU
		{0B21A875-AA28-406A-9F23-B58F3D75CAB9}.Release|Any CPU.ActiveCfg = Release|Any CPU
		{0B21A875-AA28-406A-9F23-B58F3D75CAB9}.Release|Any CPU.Build.0 = Release|Any CPU
		{83416546-B411-4ACE-B1FD-9E36071B1712}.Debug|Any CPU.ActiveCfg = Debug|Any CPU
		{83416546-B411-4ACE-B1FD-9E36071B1712}.Debug|Any CPU.Build.0 = Debug|Any CPU
		{83416546-B411-4ACE-B1FD-9E36071B1712}.Release|Any CPU.ActiveCfg = Release|Any CPU
		{83416546-B411-4ACE-B1FD-9E36071B1712}.Release|Any CPU.Build.0 = Release|Any CPU
	EndGlobalSection
	GlobalSection(SolutionProperties) = preSolution
		HideSolutionNode = FALSE
	EndGlobalSection
	GlobalSection(ExtensibilityGlobals) = postSolution
		SolutionGuid = {D3B28C55-C269-426C-AE8D-DD652D0522CC}
	EndGlobalSection
EndGlobal
