Microsoft Visual Studio Solution File, Format Version 12.00
# Visual Studio Version 17
VisualStudioVersion = 17.5.2.0
MinimumVisualStudioVersion = 10.0.40219.1
Project("{FAE04EC0-301F-11D3-BF4B-00C04F79EFBC}") = "poo", "poo.csproj", "{9CB71E61-5FC9-2A96-13AC-065AF11A2145}"
EndProject
Global
	GlobalSection(SolutionConfigurationPlatforms) = preSolution
		Debug|Any CPU = Debug|Any CPU
		Release|Any CPU = Release|Any CPU
	EndGlobalSection
	GlobalSection(ProjectConfigurationPlatforms) = postSolution
		{9CB71E61-5FC9-2A96-13AC-065AF11A2145}.Debug|Any CPU.ActiveCfg = Debug|Any CPU
		{9CB71E61-5FC9-2A96-13AC-065AF11A2145}.Debug|Any CPU.Build.0 = Debug|Any CPU
		{9CB71E61-5FC9-2A96-13AC-065AF11A2145}.Release|Any CPU.ActiveCfg = Release|Any CPU
		{9CB71E61-5FC9-2A96-13AC-065AF11A2145}.Release|Any CPU.Build.0 = Release|Any CPU
	EndGlobalSection
	GlobalSection(SolutionProperties) = preSolution
		HideSolutionNode = FALSE
	EndGlobalSection
	GlobalSection(ExtensibilityGlobals) = postSolution
		SolutionGuid = {233442ED-5455-4D5E-A493-7DB1CE5EAE70}
	EndGlobalSection
EndGlobal
