
Microsoft Visual Studio Solution File, Format Version 12.00
# Visual Studio Version 17
VisualStudioVersion = 17.14.36327.8 d17.14
MinimumVisualStudioVersion = 10.0.40219.1
Project("{FAE04EC0-301F-11D3-BF4B-00C04F79EFBC}") = "ManejoArchivos", "ManejoArchivos\ManejoArchivos.csproj", "{4624C89D-A28D-439F-9DFA-9828E9894F42}"
EndProject
Global
	GlobalSection(SolutionConfigurationPlatforms) = preSolution
		Debug|Any CPU = Debug|Any CPU
		Release|Any CPU = Release|Any CPU
	EndGlobalSection
	GlobalSection(ProjectConfigurationPlatforms) = postSolution
		{4624C89D-A28D-439F-9DFA-9828E9894F42}.Debug|Any CPU.ActiveCfg = Debug|Any CPU
		{4624C89D-A28D-439F-9DFA-9828E9894F42}.Debug|Any CPU.Build.0 = Debug|Any CPU
		{4624C89D-A28D-439F-9DFA-9828E9894F42}.Release|Any CPU.ActiveCfg = Release|Any CPU
		{4624C89D-A28D-439F-9DFA-9828E9894F42}.Release|Any CPU.Build.0 = Release|Any CPU
	EndGlobalSection
	GlobalSection(SolutionProperties) = preSolution
		HideSolutionNode = FALSE
	EndGlobalSection
	GlobalSection(ExtensibilityGlobals) = postSolution
		SolutionGuid = {D574AB76-E4DE-4C4E-AB74-4ADACD5EFAC9}
	EndGlobalSection
EndGlobal
