
Microsoft Visual Studio Solution File, Format Version 12.00
# Visual Studio Version 17
VisualStudioVersion = 17.14.36327.8 d17.14
MinimumVisualStudioVersion = 10.0.40219.1
Project("{FAE04EC0-301F-11D3-BF4B-00C04F79EFBC}") = "ManejoControles", "ManejoControles\ManejoControles.csproj", "{44B683C6-B59D-4A75-87CD-AE4A60814BD5}"
EndProject
Global
	GlobalSection(SolutionConfigurationPlatforms) = preSolution
		Debug|Any CPU = Debug|Any CPU
		Release|Any CPU = Release|Any CPU
	EndGlobalSection
	GlobalSection(ProjectConfigurationPlatforms) = postSolution
		{44B683C6-B59D-4A75-87CD-AE4A60814BD5}.Debug|Any CPU.ActiveCfg = Debug|Any CPU
		{44B683C6-B59D-4A75-87CD-AE4A60814BD5}.Debug|Any CPU.Build.0 = Debug|Any CPU
		{44B683C6-B59D-4A75-87CD-AE4A60814BD5}.Release|Any CPU.ActiveCfg = Release|Any CPU
		{44B683C6-B59D-4A75-87CD-AE4A60814BD5}.Release|Any CPU.Build.0 = Release|Any CPU
	EndGlobalSection
	GlobalSection(SolutionProperties) = preSolution
		HideSolutionNode = FALSE
	EndGlobalSection
	GlobalSection(ExtensibilityGlobals) = postSolution
		SolutionGuid = {DEFC3FA6-0229-4365-9823-6C38CA4A197E}
	EndGlobalSection
EndGlobal
